
Microsoft Visual Studio Solution File, Format Version 12.00
# Visual Studio 14
VisualStudioVersion = 14.0.24720.0
MinimumVisualStudioVersion = 10.0.40219.1
Project("{8BC9CEB8-8B4A-11D0-8D11-00A0C91BC942}") = "UVa-10038", "UVa-10038\UVa-10038.vcxproj", "{893F5408-3279-4D2C-ADBC-2358E567D673}"
EndProject
Project("{8BC9CEB8-8B4A-11D0-8D11-00A0C91BC942}") = "UVa-10855", "UVa-10855\UVa-10855.vcxproj", "{53AE4989-7343-4BC7-A891-B4F8911FD451}"
EndProject
Project("{8BC9CEB8-8B4A-11D0-8D11-00A0C91BC942}") = "UVa-00146", "UVa-00146\UVa-00146.vcxproj", "{33197B43-63ED-4372-9DAE-8C3516BA89B6}"
EndProject
Project("{8BC9CEB8-8B4A-11D0-8D11-00A0C91BC942}") = "UVa-10107", "UVa-10107\UVa-10107.vcxproj", "{E01AA13D-5188-4695-9D92-662D2F98421E}"
EndProject
Global
	GlobalSection(SolutionConfigurationPlatforms) = preSolution
		Debug|x64 = Debug|x64
		Debug|x86 = Debug|x86
		Release|x64 = Release|x64
		Release|x86 = Release|x86
	EndGlobalSection
	GlobalSection(ProjectConfigurationPlatforms) = postSolution
		{893F5408-3279-4D2C-ADBC-2358E567D673}.Debug|x64.ActiveCfg = Debug|x64
		{893F5408-3279-4D2C-ADBC-2358E567D673}.Debug|x64.Build.0 = Debug|x64
		{893F5408-3279-4D2C-ADBC-2358E567D673}.Debug|x86.ActiveCfg = Debug|Win32
		{893F5408-3279-4D2C-ADBC-2358E567D673}.Debug|x86.Build.0 = Debug|Win32
		{893F5408-3279-4D2C-ADBC-2358E567D673}.Release|x64.ActiveCfg = Release|x64
		{893F5408-3279-4D2C-ADBC-2358E567D673}.Release|x64.Build.0 = Release|x64
		{893F5408-3279-4D2C-ADBC-2358E567D673}.Release|x86.ActiveCfg = Release|Win32
		{893F5408-3279-4D2C-ADBC-2358E567D673}.Release|x86.Build.0 = Release|Win32
		{53AE4989-7343-4BC7-A891-B4F8911FD451}.Debug|x64.ActiveCfg = Debug|x64
		{53AE4989-7343-4BC7-A891-B4F8911FD451}.Debug|x64.Build.0 = Debug|x64
		{53AE4989-7343-4BC7-A891-B4F8911FD451}.Debug|x86.ActiveCfg = Debug|Win32
		{53AE4989-7343-4BC7-A891-B4F8911FD451}.Debug|x86.Build.0 = Debug|Win32
		{53AE4989-7343-4BC7-A891-B4F8911FD451}.Release|x64.ActiveCfg = Release|x64
		{53AE4989-7343-4BC7-A891-B4F8911FD451}.Release|x64.Build.0 = Release|x64
		{53AE4989-7343-4BC7-A891-B4F8911FD451}.Release|x86.ActiveCfg = Release|Win32
		{53AE4989-7343-4BC7-A891-B4F8911FD451}.Release|x86.Build.0 = Release|Win32
		{33197B43-63ED-4372-9DAE-8C3516BA89B6}.Debug|x64.ActiveCfg = Debug|x64
		{33197B43-63ED-4372-9DAE-8C3516BA89B6}.Debug|x64.Build.0 = Debug|x64
		{33197B43-63ED-4372-9DAE-8C3516BA89B6}.Debug|x86.ActiveCfg = Debug|Win32
		{33197B43-63ED-4372-9DAE-8C3516BA89B6}.Debug|x86.Build.0 = Debug|Win32
		{33197B43-63ED-4372-9DAE-8C3516BA89B6}.Release|x64.ActiveCfg = Release|x64
		{33197B43-63ED-4372-9DAE-8C3516BA89B6}.Release|x64.Build.0 = Release|x64
		{33197B43-63ED-4372-9DAE-8C3516BA89B6}.Release|x86.ActiveCfg = Release|Win32
		{33197B43-63ED-4372-9DAE-8C3516BA89B6}.Release|x86.Build.0 = Release|Win32
		{E01AA13D-5188-4695-9D92-662D2F98421E}.Debug|x64.ActiveCfg = Debug|x64
		{E01AA13D-5188-4695-9D92-662D2F98421E}.Debug|x64.Build.0 = Debug|x64
		{E01AA13D-5188-4695-9D92-662D2F98421E}.Debug|x86.ActiveCfg = Debug|Win32
		{E01AA13D-5188-4695-9D92-662D2F98421E}.Debug|x86.Build.0 = Debug|Win32
		{E01AA13D-5188-4695-9D92-662D2F98421E}.Release|x64.ActiveCfg = Release|x64
		{E01AA13D-5188-4695-9D92-662D2F98421E}.Release|x64.Build.0 = Release|x64
		{E01AA13D-5188-4695-9D92-662D2F98421E}.Release|x86.ActiveCfg = Release|Win32
		{E01AA13D-5188-4695-9D92-662D2F98421E}.Release|x86.Build.0 = Release|Win32
	EndGlobalSection
	GlobalSection(SolutionProperties) = preSolution
		HideSolutionNode = FALSE
	EndGlobalSection
EndGlobal
